<?xml version="1.0" encoding="utf-8"?>
<Project ToolsVersion="4.0" xmlns="http://schemas.microsoft.com/developer/msbuild/2003">
  <ItemGroup>
    <ClCompile Include="main.cpp" />
    <ClCompile Include="TravelManager.cpp">
      <Filter>Source Files\Core</Filter>
    </ClCompile>
    <ClCompile Include="Functions.cpp">
      <Filter>Source Files\Core</Filter>
    </ClCompile>
    <ClCompile Include="Employee.cpp">
      <Filter>Source Files\Core</Filter>
    </ClCompile>
    <ClCompile Include="EmployeeManager.cpp">
      <Filter>Source Files\Core</Filter>
    </ClCompile>
    <ClCompile Include="Travel.cpp">
      <Filter>Source Files\Core</Filter>
    </ClCompile>
    <ClCompile Include="GestordeViajes.cpp">
      <Filter>Source Files\UI</Filter>
    </ClCompile>
    <ClCompile Include="EmployeeWindow.cpp">
      <Filter>Source Files\UI\Employee</Filter>
    </ClCompile>
    <ClCompile Include="CreateDialogClass.cpp">
      <Filter>Source Files\UI\Employee</Filter>
    </ClCompile>
    <ClCompile Include="EmployeeProfileWindow.cpp">
      <Filter>Source Files\UI\Employee</Filter>
    </ClCompile>
    <ClCompile Include="ModifyDialogClass.cpp">
      <Filter>Source Files\UI\Employee</Filter>
    </ClCompile>
    <ClCompile Include="TravelWindow.cpp">
      <Filter>Source Files\UI\Travel</Filter>
    </ClCompile>
    <ClCompile Include="CreateTravelClass.cpp">
      <Filter>Source Files\UI\Travel</Filter>
    </ClCompile>
    <ClCompile Include="ModifyTravelClass.cpp">
      <Filter>Source Files\UI\Travel</Filter>
    </ClCompile>
    <ClCompile Include="TravelProfileWindow.cpp">
      <Filter>Source Files\UI\Travel</Filter>
    </ClCompile>
    <ClCompile Include="ErrorHandler.cpp">
      <Filter>Source Files</Filter>
    </ClCompile>
    <ClCompile Include="EmailLoginDialog.cpp">
      <Filter>Source Files</Filter>
    </ClCompile>
  </ItemGroup>
  <ItemGroup>
    <Filter Include="Resource Files">
      <UniqueIdentifier>{D9D6E242-F8AF-46E4-B9FD-80ECBC20BA3E}</UniqueIdentifier>
      <Extensions>qrc;*</Extensions>
      <ParseFiles>false</ParseFiles>
    </Filter>
    <Filter Include="Source Files">
      <UniqueIdentifier>{4FC737F1-C7A5-4376-A066-2A32D752A2FF}</UniqueIdentifier>
      <Extensions>cpp;c;cc;cxx;def;odl;idl;hpj;bat;asm;asmx</Extensions>
      <ParseFiles>true</ParseFiles>
    </Filter>
    <Filter Include="Header Files">
      <UniqueIdentifier>{93995380-89BD-4b04-88EB-625FBE52EBFB}</UniqueIdentifier>
      <Extensions>h;hh;hpp;hxx;hm;inl;inc;xsd</Extensions>
      <ParseFiles>true</ParseFiles>
    </Filter>
    <Filter Include="Form Files">
      <UniqueIdentifier>{99349809-55BA-4b9d-BF79-8FDBB0286EB3}</UniqueIdentifier>
      <Extensions>ui</Extensions>
      <ParseFiles>true</ParseFiles>
    </Filter>
    <Filter Include="Source Files\UI">
      <UniqueIdentifier>{ae84284d-3792-4e4c-8b6e-9a722c80f229}</UniqueIdentifier>
    </Filter>
    <Filter Include="Source Files\Core">
      <UniqueIdentifier>{bfcd541e-03b6-4625-a8fa-d9c0af4a8792}</UniqueIdentifier>
    </Filter>
    <Filter Include="Header Files\UI">
      <UniqueIdentifier>{f0fde978-35c4-469d-ac00-91689b371276}</UniqueIdentifier>
    </Filter>
    <Filter Include="Header Files\Core">
      <UniqueIdentifier>{7ae359ad-6122-4018-a469-42dbce02a503}</UniqueIdentifier>
    </Filter>
    <Filter Include="Header Files\UI\Travel">
      <UniqueIdentifier>{a1b80b5b-f4a8-4956-855d-cf374398cc20}</UniqueIdentifier>
    </Filter>
    <Filter Include="Header Files\UI\Employee">
      <UniqueIdentifier>{889f9bef-71ed-4ef7-9065-356764bbfcb3}</UniqueIdentifier>
    </Filter>
    <Filter Include="Source Files\UI\Travel">
      <UniqueIdentifier>{76318b76-0b12-4d4c-8bec-4aebdb8faed2}</UniqueIdentifier>
    </Filter>
    <Filter Include="Source Files\UI\Employee">
      <UniqueIdentifier>{63027018-801c-4c91-8e7a-fff3b0a0bf34}</UniqueIdentifier>
    </Filter>
    <Filter Include="Form Files\Travel">
      <UniqueIdentifier>{75c0e26c-9e60-48db-aeac-c6ef3fe4961b}</UniqueIdentifier>
    </Filter>
    <Filter Include="Form Files\Employee">
      <UniqueIdentifier>{703c2843-c854-42c8-8b47-df7e51da2c03}</UniqueIdentifier>
    </Filter>
  </ItemGroup>
  <ItemGroup>
    <QtMoc Include="GestordeViajes.h">
      <Filter>Header Files\UI</Filter>
    </QtMoc>
    <QtMoc Include="CreateDialogClass.h">
      <Filter>Header Files\UI\Employee</Filter>
    </QtMoc>
    <QtMoc Include="EmployeeProfileWindow.h">
      <Filter>Header Files\UI\Employee</Filter>
    </QtMoc>
    <QtMoc Include="EmployeeWindow.h">
      <Filter>Header Files\UI\Employee</Filter>
    </QtMoc>
    <QtMoc Include="ModifyDialogClass.h">
      <Filter>Header Files\UI\Employee</Filter>
    </QtMoc>
    <QtMoc Include="TravelWindow.h">
      <Filter>Header Files\UI\Travel</Filter>
    </QtMoc>
    <QtMoc Include="CreateTravelClass.h">
      <Filter>Header Files\UI\Travel</Filter>
    </QtMoc>
    <QtMoc Include="ModifyTravelClass.h">
      <Filter>Header Files\UI\Travel</Filter>
    </QtMoc>
    <QtMoc Include="TravelProfileWindow.h">
      <Filter>Header Files\UI\Travel</Filter>
    </QtMoc>
    <QtMoc Include="EmailLoginDialog.h">
      <Filter>Header Files</Filter>
    </QtMoc>
  </ItemGroup>
  <ItemGroup>
    <QtUic Include="GestordeViajes.ui">
      <Filter>Form Files</Filter>
    </QtUic>
    <QtUic Include="CreateEmployeeDialog.ui">
      <Filter>Form Files\Employee</Filter>
    </QtUic>
    <QtUic Include="EmployeeProfileWindow.ui">
      <Filter>Form Files\Employee</Filter>
    </QtUic>
    <QtUic Include="EmployeeWindow.ui">
      <Filter>Form Files\Employee</Filter>
    </QtUic>
    <QtUic Include="ModifyEmployeeDialog.ui">
      <Filter>Form Files\Employee</Filter>
    </QtUic>
    <QtUic Include="TravelWindow.ui">
      <Filter>Form Files\Travel</Filter>
    </QtUic>
    <QtUic Include="CreateTravelClass.ui">
      <Filter>Form Files\Travel</Filter>
    </QtUic>
    <QtUic Include="ModifyTravelDialog.ui">
      <Filter>Form Files\Travel</Filter>
    </QtUic>
    <QtUic Include="TravelProfileWindow.ui">
      <Filter>Form Files\Travel</Filter>
    </QtUic>
    <QtUic Include="EmailLoginDialog.ui">
      <Filter>Form Files</Filter>
    </QtUic>
  </ItemGroup>
  <ItemGroup>
    <QtRcc Include="GestordeViajes.qrc">
      <Filter>Resource Files</Filter>
    </QtRcc>
  </ItemGroup>
  <ItemGroup>
    <ClInclude Include="Functions.h">
      <Filter>Header Files\Core</Filter>
    </ClInclude>
    <ClInclude Include="Employee.h">
      <Filter>Header Files\Core</Filter>
    </ClInclude>
    <ClInclude Include="EmployeeManager.h">
      <Filter>Header Files\Core</Filter>
    </ClInclude>
    <ClInclude Include="Resident.h">
      <Filter>Header Files\Core</Filter>
    </ClInclude>
    <ClInclude Include="Temporary.h">
      <Filter>Header Files\Core</Filter>
    </ClInclude>
    <ClInclude Include="Travel.h">
      <Filter>Header Files\Core</Filter>
    </ClInclude>
    <ClInclude Include="TravelManager.h">
      <Filter>Header Files\Core</Filter>
    </ClInclude>
    <ClInclude Include="ErrorHandler.h">
      <Filter>Header Files</Filter>
    </ClInclude>
  </ItemGroup>
</Project>